{
  "version": 1,
  "dependencies": {
    "net8.0-windows7.0": {
      "DalamudPackager": {
        "type": "Direct",
        "requested": "[11.0.0, )",
        "resolved": "11.0.0",
        "contentHash": "bjT7XUlhIJSmsE/O76b7weUX+evvGQctbQB8aKXt94o+oPWxHpCepxAGMs7Thow3AzCyqWs7cOpp9/2wcgRRQA=="
      },
      "sqlite-net-pcl": {
        "type": "Direct",
        "requested": "[1.9.172, )",
        "resolved": "1.9.172",
        "contentHash": "go533+huyvg5bOMmCpX+DyvLrcVRiEBIpqEiDHgXRijWIBBNkWnyMr/w+5ZzrUArKY+4ApucsbBnFtP3QITrJg==",
        "dependencies": {
          "SQLitePCLRaw.bundle_green": "2.1.2"
        }
      },
      "SQLitePCLRaw.bundle_green": {
        "type": "Transitive",
        "resolved": "2.1.2",
        "contentHash": "e2FRX87YHoSer+tLFX9P/povHLK0uH7UcdimHRPnfTSam+NZChVVXjBxe1MYnyBGlwX5dSs5sTlDg/yZBM7iVw==",
        "dependencies": {
          "SQLitePCLRaw.lib.e_sqlite3": "2.1.2",
          "SQLitePCLRaw.provider.e_sqlite3": "2.1.2"
        }
      },
      "SQLitePCLRaw.core": {
        "type": "Transitive",
        "resolved": "2.1.2",
        "contentHash": "A8EBepVqY2lnAp3a8jnhbgzF2tlj2S3HcJQGANTYg/TbYbKa8Z5cM1h74An/vy0svhfzT7tVY0sFmUglLgv+2g==",
        "dependencies": {
          "System.Memory": "4.5.3"
        }
      },
      "SQLitePCLRaw.lib.e_sqlite3": {
        "type": "Transitive",
        "resolved": "2.1.2",
        "contentHash": "zibGtku8M4Eea1R3ZCAxc86QbNvyEN17mAcQkvWKBuHvRpMiK2g5anG4R5Be7cWKSd1i6baYz8y4dMMAKcXKPg=="
      },
      "SQLitePCLRaw.provider.e_sqlite3": {
        "type": "Transitive",
        "resolved": "2.1.2",
        "contentHash": "lxCZarZdvAsMl2zw9bXHrXK6RxVhB4b23iTFhCOdHFhxfbsxLxWf+ocvswJwR/9Wh/E//ddMi+wJGqUKV7VwoA==",
        "dependencies": {
          "SQLitePCLRaw.core": "2.1.2"
        }
      },
      "System.Memory": {
        "type": "Transitive",
        "resolved": "4.5.3",
        "contentHash": "3oDzvc/zzetpTKWMShs1AADwZjQ/36HnsufHRPcOjyRAAMLDlu2iD33MBI2opxnezcVUtXyqDXXjoFMOU9c7SA=="
      }
    }
  }
}